
Microsoft Visual Studio Solution File, Format Version 12.00
# Visual Studio Version 16
VisualStudioVersion = 16.0.30804.86
MinimumVisualStudioVersion = 10.0.40219.1
Project("{8BC9CEB8-8B4A-11D0-8D11-00A0C91BC942}") = "Lab4", "Lab1\Lab1.vcxproj", "{3CBD9EF6-E44D-4F1B-897E-CC6621A4ACF6}"
EndProject
Project("{FAE04EC0-301F-11D3-BF4B-00C04F79EFBC}") = "Form1", "Form1\Form1.csproj", "{EA936C14-31C5-4D7D-A720-E2FBFC9B826D}"
EndProject
Project("{8BC9CEB8-8B4A-11D0-8D11-00A0C91BC942}") = "MFCLibrary", "MFCLibrary\MFCLibrary.vcxproj", "{CAAA4CEA-51DB-4E4D-B2FC-732996466FF8}"
EndProject
Project("{8BC9CEB8-8B4A-11D0-8D11-00A0C91BC942}") = "MFCLibrary1", "MFCLibrary1\MFCLibrary1.vcxproj", "{927B9AE8-0387-47C0-97DC-BA466BF67E8B}"
EndProject
Global
	GlobalSection(SolutionConfigurationPlatforms) = preSolution
		Debug|Any CPU = Debug|Any CPU
		Debug|x64 = Debug|x64
		Debug|x86 = Debug|x86
		Release|Any CPU = Release|Any CPU
		Release|x64 = Release|x64
		Release|x86 = Release|x86
	EndGlobalSection
	GlobalSection(ProjectConfigurationPlatforms) = postSolution
		{3CBD9EF6-E44D-4F1B-897E-CC6621A4ACF6}.Debug|Any CPU.ActiveCfg = Debug|Win32
		{3CBD9EF6-E44D-4F1B-897E-CC6621A4ACF6}.Debug|x64.ActiveCfg = Debug|x64
		{3CBD9EF6-E44D-4F1B-897E-CC6621A4ACF6}.Debug|x64.Build.0 = Debug|x64
		{3CBD9EF6-E44D-4F1B-897E-CC6621A4ACF6}.Debug|x86.ActiveCfg = Debug|Win32
		{3CBD9EF6-E44D-4F1B-897E-CC6621A4ACF6}.Debug|x86.Build.0 = Debug|Win32
		{3CBD9EF6-E44D-4F1B-897E-CC6621A4ACF6}.Release|Any CPU.ActiveCfg = Release|Win32
		{3CBD9EF6-E44D-4F1B-897E-CC6621A4ACF6}.Release|x64.ActiveCfg = Release|x64
		{3CBD9EF6-E44D-4F1B-897E-CC6621A4ACF6}.Release|x64.Build.0 = Release|x64
		{3CBD9EF6-E44D-4F1B-897E-CC6621A4ACF6}.Release|x86.ActiveCfg = Release|Win32
		{3CBD9EF6-E44D-4F1B-897E-CC6621A4ACF6}.Release|x86.Build.0 = Release|Win32
		{EA936C14-31C5-4D7D-A720-E2FBFC9B826D}.Debug|Any CPU.ActiveCfg = Debug|Any CPU
		{EA936C14-31C5-4D7D-A720-E2FBFC9B826D}.Debug|Any CPU.Build.0 = Debug|Any CPU
		{EA936C14-31C5-4D7D-A720-E2FBFC9B826D}.Debug|x64.ActiveCfg = Debug|Any CPU
		{EA936C14-31C5-4D7D-A720-E2FBFC9B826D}.Debug|x64.Build.0 = Debug|Any CPU
		{EA936C14-31C5-4D7D-A720-E2FBFC9B826D}.Debug|x86.ActiveCfg = Debug|Any CPU
		{EA936C14-31C5-4D7D-A720-E2FBFC9B826D}.Debug|x86.Build.0 = Debug|Any CPU
		{EA936C14-31C5-4D7D-A720-E2FBFC9B826D}.Release|Any CPU.ActiveCfg = Release|Any CPU
		{EA936C14-31C5-4D7D-A720-E2FBFC9B826D}.Release|Any CPU.Build.0 = Release|Any CPU
		{EA936C14-31C5-4D7D-A720-E2FBFC9B826D}.Release|x64.ActiveCfg = Release|Any CPU
		{EA936C14-31C5-4D7D-A720-E2FBFC9B826D}.Release|x64.Build.0 = Release|Any CPU
		{EA936C14-31C5-4D7D-A720-E2FBFC9B826D}.Release|x86.ActiveCfg = Release|Any CPU
		{EA936C14-31C5-4D7D-A720-E2FBFC9B826D}.Release|x86.Build.0 = Release|Any CPU
		{CAAA4CEA-51DB-4E4D-B2FC-732996466FF8}.Debug|Any CPU.ActiveCfg = Debug|Win32
		{CAAA4CEA-51DB-4E4D-B2FC-732996466FF8}.Debug|x64.ActiveCfg = Debug|x64
		{CAAA4CEA-51DB-4E4D-B2FC-732996466FF8}.Debug|x64.Build.0 = Debug|x64
		{CAAA4CEA-51DB-4E4D-B2FC-732996466FF8}.Debug|x86.ActiveCfg = Debug|Win32
		{CAAA4CEA-51DB-4E4D-B2FC-732996466FF8}.Debug|x86.Build.0 = Debug|Win32
		{CAAA4CEA-51DB-4E4D-B2FC-732996466FF8}.Release|Any CPU.ActiveCfg = Release|Win32
		{CAAA4CEA-51DB-4E4D-B2FC-732996466FF8}.Release|x64.ActiveCfg = Release|x64
		{CAAA4CEA-51DB-4E4D-B2FC-732996466FF8}.Release|x64.Build.0 = Release|x64
		{CAAA4CEA-51DB-4E4D-B2FC-732996466FF8}.Release|x86.ActiveCfg = Release|Win32
		{CAAA4CEA-51DB-4E4D-B2FC-732996466FF8}.Release|x86.Build.0 = Release|Win32
		{927B9AE8-0387-47C0-97DC-BA466BF67E8B}.Debug|Any CPU.ActiveCfg = Debug|Win32
		{927B9AE8-0387-47C0-97DC-BA466BF67E8B}.Debug|x64.ActiveCfg = Debug|x64
		{927B9AE8-0387-47C0-97DC-BA466BF67E8B}.Debug|x64.Build.0 = Debug|x64
		{927B9AE8-0387-47C0-97DC-BA466BF67E8B}.Debug|x86.ActiveCfg = Debug|Win32
		{927B9AE8-0387-47C0-97DC-BA466BF67E8B}.Debug|x86.Build.0 = Debug|Win32
		{927B9AE8-0387-47C0-97DC-BA466BF67E8B}.Release|Any CPU.ActiveCfg = Release|Win32
		{927B9AE8-0387-47C0-97DC-BA466BF67E8B}.Release|x64.ActiveCfg = Release|x64
		{927B9AE8-0387-47C0-97DC-BA466BF67E8B}.Release|x64.Build.0 = Release|x64
		{927B9AE8-0387-47C0-97DC-BA466BF67E8B}.Release|x86.ActiveCfg = Release|Win32
		{927B9AE8-0387-47C0-97DC-BA466BF67E8B}.Release|x86.Build.0 = Release|Win32
	EndGlobalSection
	GlobalSection(SolutionProperties) = preSolution
		HideSolutionNode = FALSE
	EndGlobalSection
	GlobalSection(ExtensibilityGlobals) = postSolution
		SolutionGuid = {E7B363AF-4E99-4FAD-B01A-4A8B44BF77C9}
	EndGlobalSection
EndGlobal
